
Microsoft Visual Studio Solution File, Format Version 12.00
# Visual Studio 15
VisualStudioVersion = 15.0.27130.2036
MinimumVisualStudioVersion = 10.0.40219.1
Project("{FAE04EC0-301F-11D3-BF4B-00C04F79EFBC}") = "Lab1", "Lab1\Lab1.csproj", "{C78979BE-7A6D-49AB-9F5A-7BA8AB8724D4}"
EndProject
Project("{FAE04EC0-301F-11D3-BF4B-00C04F79EFBC}") = "Lab2", "Lab2\Lab2.csproj", "{7A0BF739-D672-4FEB-8357-9E9A01A5D616}"
EndProject
Project("{FAE04EC0-301F-11D3-BF4B-00C04F79EFBC}") = "AsyncServer", "AsyncServer\AsyncServer.csproj", "{1C21F86E-AEFB-45AB-934F-A4E7238C7E4D}"
EndProject
Project("{FAE04EC0-301F-11D3-BF4B-00C04F79EFBC}") = "AsyncClient", "AsyncClient\AsyncClient.csproj", "{E41EA6F5-F511-49DA-A4E1-FBDC37C8B204}"
EndProject
Global
	GlobalSection(SolutionConfigurationPlatforms) = preSolution
		Debug|Any CPU = Debug|Any CPU
		Debug|ARM = Debug|ARM
		Debug|x64 = Debug|x64
		Debug|x86 = Debug|x86
		Release|Any CPU = Release|Any CPU
		Release|ARM = Release|ARM
		Release|x64 = Release|x64
		Release|x86 = Release|x86
	EndGlobalSection
	GlobalSection(ProjectConfigurationPlatforms) = postSolution
		{C78979BE-7A6D-49AB-9F5A-7BA8AB8724D4}.Debug|Any CPU.ActiveCfg = Debug|Any CPU
		{C78979BE-7A6D-49AB-9F5A-7BA8AB8724D4}.Debug|Any CPU.Build.0 = Debug|Any CPU
		{C78979BE-7A6D-49AB-9F5A-7BA8AB8724D4}.Debug|ARM.ActiveCfg = Debug|Any CPU
		{C78979BE-7A6D-49AB-9F5A-7BA8AB8724D4}.Debug|ARM.Build.0 = Debug|Any CPU
		{C78979BE-7A6D-49AB-9F5A-7BA8AB8724D4}.Debug|x64.ActiveCfg = Debug|Any CPU
		{C78979BE-7A6D-49AB-9F5A-7BA8AB8724D4}.Debug|x64.Build.0 = Debug|Any CPU
		{C78979BE-7A6D-49AB-9F5A-7BA8AB8724D4}.Debug|x86.ActiveCfg = Debug|Any CPU
		{C78979BE-7A6D-49AB-9F5A-7BA8AB8724D4}.Debug|x86.Build.0 = Debug|Any CPU
		{C78979BE-7A6D-49AB-9F5A-7BA8AB8724D4}.Release|Any CPU.ActiveCfg = Release|Any CPU
		{C78979BE-7A6D-49AB-9F5A-7BA8AB8724D4}.Release|Any CPU.Build.0 = Release|Any CPU
		{C78979BE-7A6D-49AB-9F5A-7BA8AB8724D4}.Release|ARM.ActiveCfg = Release|Any CPU
		{C78979BE-7A6D-49AB-9F5A-7BA8AB8724D4}.Release|ARM.Build.0 = Release|Any CPU
		{C78979BE-7A6D-49AB-9F5A-7BA8AB8724D4}.Release|x64.ActiveCfg = Release|Any CPU
		{C78979BE-7A6D-49AB-9F5A-7BA8AB8724D4}.Release|x64.Build.0 = Release|Any CPU
		{C78979BE-7A6D-49AB-9F5A-7BA8AB8724D4}.Release|x86.ActiveCfg = Release|Any CPU
		{C78979BE-7A6D-49AB-9F5A-7BA8AB8724D4}.Release|x86.Build.0 = Release|Any CPU
		{7A0BF739-D672-4FEB-8357-9E9A01A5D616}.Debug|Any CPU.ActiveCfg = Debug|Any CPU
		{7A0BF739-D672-4FEB-8357-9E9A01A5D616}.Debug|Any CPU.Build.0 = Debug|Any CPU
		{7A0BF739-D672-4FEB-8357-9E9A01A5D616}.Debug|ARM.ActiveCfg = Debug|Any CPU
		{7A0BF739-D672-4FEB-8357-9E9A01A5D616}.Debug|ARM.Build.0 = Debug|Any CPU
		{7A0BF739-D672-4FEB-8357-9E9A01A5D616}.Debug|x64.ActiveCfg = Debug|Any CPU
		{7A0BF739-D672-4FEB-8357-9E9A01A5D616}.Debug|x64.Build.0 = Debug|Any CPU
		{7A0BF739-D672-4FEB-8357-9E9A01A5D616}.Debug|x86.ActiveCfg = Debug|Any CPU
		{7A0BF739-D672-4FEB-8357-9E9A01A5D616}.Debug|x86.Build.0 = Debug|Any CPU
		{7A0BF739-D672-4FEB-8357-9E9A01A5D616}.Release|Any CPU.ActiveCfg = Release|Any CPU
		{7A0BF739-D672-4FEB-8357-9E9A01A5D616}.Release|Any CPU.Build.0 = Release|Any CPU
		{7A0BF739-D672-4FEB-8357-9E9A01A5D616}.Release|ARM.ActiveCfg = Release|Any CPU
		{7A0BF739-D672-4FEB-8357-9E9A01A5D616}.Release|ARM.Build.0 = Release|Any CPU
		{7A0BF739-D672-4FEB-8357-9E9A01A5D616}.Release|x64.ActiveCfg = Release|Any CPU
		{7A0BF739-D672-4FEB-8357-9E9A01A5D616}.Release|x64.Build.0 = Release|Any CPU
		{7A0BF739-D672-4FEB-8357-9E9A01A5D616}.Release|x86.ActiveCfg = Release|Any CPU
		{7A0BF739-D672-4FEB-8357-9E9A01A5D616}.Release|x86.Build.0 = Release|Any CPU
		{1C21F86E-AEFB-45AB-934F-A4E7238C7E4D}.Debug|Any CPU.ActiveCfg = Debug|Any CPU
		{1C21F86E-AEFB-45AB-934F-A4E7238C7E4D}.Debug|Any CPU.Build.0 = Debug|Any CPU
		{1C21F86E-AEFB-45AB-934F-A4E7238C7E4D}.Debug|ARM.ActiveCfg = Debug|Any CPU
		{1C21F86E-AEFB-45AB-934F-A4E7238C7E4D}.Debug|ARM.Build.0 = Debug|Any CPU
		{1C21F86E-AEFB-45AB-934F-A4E7238C7E4D}.Debug|x64.ActiveCfg = Debug|Any CPU
		{1C21F86E-AEFB-45AB-934F-A4E7238C7E4D}.Debug|x64.Build.0 = Debug|Any CPU
		{1C21F86E-AEFB-45AB-934F-A4E7238C7E4D}.Debug|x86.ActiveCfg = Debug|Any CPU
		{1C21F86E-AEFB-45AB-934F-A4E7238C7E4D}.Debug|x86.Build.0 = Debug|Any CPU
		{1C21F86E-AEFB-45AB-934F-A4E7238C7E4D}.Release|Any CPU.ActiveCfg = Release|Any CPU
		{1C21F86E-AEFB-45AB-934F-A4E7238C7E4D}.Release|Any CPU.Build.0 = Release|Any CPU
		{1C21F86E-AEFB-45AB-934F-A4E7238C7E4D}.Release|ARM.ActiveCfg = Release|Any CPU
		{1C21F86E-AEFB-45AB-934F-A4E7238C7E4D}.Release|ARM.Build.0 = Release|Any CPU
		{1C21F86E-AEFB-45AB-934F-A4E7238C7E4D}.Release|x64.ActiveCfg = Release|Any CPU
		{1C21F86E-AEFB-45AB-934F-A4E7238C7E4D}.Release|x64.Build.0 = Release|Any CPU
		{1C21F86E-AEFB-45AB-934F-A4E7238C7E4D}.Release|x86.ActiveCfg = Release|Any CPU
		{1C21F86E-AEFB-45AB-934F-A4E7238C7E4D}.Release|x86.Build.0 = Release|Any CPU
		{E41EA6F5-F511-49DA-A4E1-FBDC37C8B204}.Debug|Any CPU.ActiveCfg = Debug|Any CPU
		{E41EA6F5-F511-49DA-A4E1-FBDC37C8B204}.Debug|Any CPU.Build.0 = Debug|Any CPU
		{E41EA6F5-F511-49DA-A4E1-FBDC37C8B204}.Debug|ARM.ActiveCfg = Debug|Any CPU
		{E41EA6F5-F511-49DA-A4E1-FBDC37C8B204}.Debug|ARM.Build.0 = Debug|Any CPU
		{E41EA6F5-F511-49DA-A4E1-FBDC37C8B204}.Debug|x64.ActiveCfg = Debug|Any CPU
		{E41EA6F5-F511-49DA-A4E1-FBDC37C8B204}.Debug|x64.Build.0 = Debug|Any CPU
		{E41EA6F5-F511-49DA-A4E1-FBDC37C8B204}.Debug|x86.ActiveCfg = Debug|Any CPU
		{E41EA6F5-F511-49DA-A4E1-FBDC37C8B204}.Debug|x86.Build.0 = Debug|Any CPU
		{E41EA6F5-F511-49DA-A4E1-FBDC37C8B204}.Release|Any CPU.ActiveCfg = Release|Any CPU
		{E41EA6F5-F511-49DA-A4E1-FBDC37C8B204}.Release|Any CPU.Build.0 = Release|Any CPU
		{E41EA6F5-F511-49DA-A4E1-FBDC37C8B204}.Release|ARM.ActiveCfg = Release|Any CPU
		{E41EA6F5-F511-49DA-A4E1-FBDC37C8B204}.Release|ARM.Build.0 = Release|Any CPU
		{E41EA6F5-F511-49DA-A4E1-FBDC37C8B204}.Release|x64.ActiveCfg = Release|Any CPU
		{E41EA6F5-F511-49DA-A4E1-FBDC37C8B204}.Release|x64.Build.0 = Release|Any CPU
		{E41EA6F5-F511-49DA-A4E1-FBDC37C8B204}.Release|x86.ActiveCfg = Release|Any CPU
		{E41EA6F5-F511-49DA-A4E1-FBDC37C8B204}.Release|x86.Build.0 = Release|Any CPU
	EndGlobalSection
	GlobalSection(SolutionProperties) = preSolution
		HideSolutionNode = FALSE
	EndGlobalSection
	GlobalSection(ExtensibilityGlobals) = postSolution
		SolutionGuid = {ADE8AC29-D79F-4AAF-959A-FCEA31893271}
	EndGlobalSection
EndGlobal
