
Microsoft Visual Studio Solution File, Format Version 12.00
# Visual Studio 15
VisualStudioVersion = 15.0.27130.2036
MinimumVisualStudioVersion = 10.0.40219.1
Project("{FAE04EC0-301F-11D3-BF4B-00C04F79EFBC}") = "Lab2-KlientECHO", "Lab1\Lab2-KlientECHO.csproj", "{C78979BE-7A6D-49AB-9F5A-7BA8AB8724D4}"
EndProject
Project("{FAE04EC0-301F-11D3-BF4B-00C04F79EFBC}") = "Lab3-SerwerECHO", "Lab2\Lab3-SerwerECHO.csproj", "{7A0BF739-D672-4FEB-8357-9E9A01A5D616}"
EndProject
Project("{FAE04EC0-301F-11D3-BF4B-00C04F79EFBC}") = "AsyncServer", "AsyncServer\AsyncServer.csproj", "{1C21F86E-AEFB-45AB-934F-A4E7238C7E4D}"
EndProject
Project("{FAE04EC0-301F-11D3-BF4B-00C04F79EFBC}") = "AsyncClient", "AsyncClient\AsyncClient.csproj", "{E41EA6F5-F511-49DA-A4E1-FBDC37C8B204}"
EndProject
Project("{FAE04EC0-301F-11D3-BF4B-00C04F79EFBC}") = "Zad6_Filozofowie", "Lab4_Zad6_Filozofowie\Zad6_Filozofowie.csproj", "{BD1561B3-8CB7-49AC-A3B2-040DBBB187C4}"
EndProject
Project("{2150E333-8FDC-42A3-9474-1A3956D46DE8}") = "Lab5", "Lab5", "{63F84082-6D92-48C2-B008-4E5F7E850088}"
EndProject
Project("{2150E333-8FDC-42A3-9474-1A3956D46DE8}") = "Lab4", "Lab4", "{DC885397-E601-42EE-9ADC-AA5C9A1C9454}"
EndProject
Project("{FAE04EC0-301F-11D3-BF4B-00C04F79EFBC}") = "Zad1_PierwszyWatek", "Zad1_PierwszyWatek\Zad1_PierwszyWatek.csproj", "{C465BA66-ACE7-4B1B-883B-F243DB19DDA8}"
EndProject
Project("{FAE04EC0-301F-11D3-BF4B-00C04F79EFBC}") = "Zad2_Wznawianie", "Zad2_Wznawianie\Zad2_Wznawianie.csproj", "{F589358D-AB58-4B6D-A097-FA8C82299C1E}"
EndProject
Global
	GlobalSection(SolutionConfigurationPlatforms) = preSolution
		Debug|Any CPU = Debug|Any CPU
		Debug|ARM = Debug|ARM
		Debug|x64 = Debug|x64
		Debug|x86 = Debug|x86
		Release|Any CPU = Release|Any CPU
		Release|ARM = Release|ARM
		Release|x64 = Release|x64
		Release|x86 = Release|x86
	EndGlobalSection
	GlobalSection(ProjectConfigurationPlatforms) = postSolution
		{C78979BE-7A6D-49AB-9F5A-7BA8AB8724D4}.Debug|Any CPU.ActiveCfg = Debug|Any CPU
		{C78979BE-7A6D-49AB-9F5A-7BA8AB8724D4}.Debug|Any CPU.Build.0 = Debug|Any CPU
		{C78979BE-7A6D-49AB-9F5A-7BA8AB8724D4}.Debug|ARM.ActiveCfg = Debug|Any CPU
		{C78979BE-7A6D-49AB-9F5A-7BA8AB8724D4}.Debug|ARM.Build.0 = Debug|Any CPU
		{C78979BE-7A6D-49AB-9F5A-7BA8AB8724D4}.Debug|x64.ActiveCfg = Debug|Any CPU
		{C78979BE-7A6D-49AB-9F5A-7BA8AB8724D4}.Debug|x64.Build.0 = Debug|Any CPU
		{C78979BE-7A6D-49AB-9F5A-7BA8AB8724D4}.Debug|x86.ActiveCfg = Debug|Any CPU
		{C78979BE-7A6D-49AB-9F5A-7BA8AB8724D4}.Debug|x86.Build.0 = Debug|Any CPU
		{C78979BE-7A6D-49AB-9F5A-7BA8AB8724D4}.Release|Any CPU.ActiveCfg = Release|Any CPU
		{C78979BE-7A6D-49AB-9F5A-7BA8AB8724D4}.Release|Any CPU.Build.0 = Release|Any CPU
		{C78979BE-7A6D-49AB-9F5A-7BA8AB8724D4}.Release|ARM.ActiveCfg = Release|Any CPU
		{C78979BE-7A6D-49AB-9F5A-7BA8AB8724D4}.Release|ARM.Build.0 = Release|Any CPU
		{C78979BE-7A6D-49AB-9F5A-7BA8AB8724D4}.Release|x64.ActiveCfg = Release|Any CPU
		{C78979BE-7A6D-49AB-9F5A-7BA8AB8724D4}.Release|x64.Build.0 = Release|Any CPU
		{C78979BE-7A6D-49AB-9F5A-7BA8AB8724D4}.Release|x86.ActiveCfg = Release|Any CPU
		{C78979BE-7A6D-49AB-9F5A-7BA8AB8724D4}.Release|x86.Build.0 = Release|Any CPU
		{7A0BF739-D672-4FEB-8357-9E9A01A5D616}.Debug|Any CPU.ActiveCfg = Debug|Any CPU
		{7A0BF739-D672-4FEB-8357-9E9A01A5D616}.Debug|Any CPU.Build.0 = Debug|Any CPU
		{7A0BF739-D672-4FEB-8357-9E9A01A5D616}.Debug|ARM.ActiveCfg = Debug|Any CPU
		{7A0BF739-D672-4FEB-8357-9E9A01A5D616}.Debug|ARM.Build.0 = Debug|Any CPU
		{7A0BF739-D672-4FEB-8357-9E9A01A5D616}.Debug|x64.ActiveCfg = Debug|Any CPU
		{7A0BF739-D672-4FEB-8357-9E9A01A5D616}.Debug|x64.Build.0 = Debug|Any CPU
		{7A0BF739-D672-4FEB-8357-9E9A01A5D616}.Debug|x86.ActiveCfg = Debug|Any CPU
		{7A0BF739-D672-4FEB-8357-9E9A01A5D616}.Debug|x86.Build.0 = Debug|Any CPU
		{7A0BF739-D672-4FEB-8357-9E9A01A5D616}.Release|Any CPU.ActiveCfg = Release|Any CPU
		{7A0BF739-D672-4FEB-8357-9E9A01A5D616}.Release|Any CPU.Build.0 = Release|Any CPU
		{7A0BF739-D672-4FEB-8357-9E9A01A5D616}.Release|ARM.ActiveCfg = Release|Any CPU
		{7A0BF739-D672-4FEB-8357-9E9A01A5D616}.Release|ARM.Build.0 = Release|Any CPU
		{7A0BF739-D672-4FEB-8357-9E9A01A5D616}.Release|x64.ActiveCfg = Release|Any CPU
		{7A0BF739-D672-4FEB-8357-9E9A01A5D616}.Release|x64.Build.0 = Release|Any CPU
		{7A0BF739-D672-4FEB-8357-9E9A01A5D616}.Release|x86.ActiveCfg = Release|Any CPU
		{7A0BF739-D672-4FEB-8357-9E9A01A5D616}.Release|x86.Build.0 = Release|Any CPU
		{1C21F86E-AEFB-45AB-934F-A4E7238C7E4D}.Debug|Any CPU.ActiveCfg = Debug|Any CPU
		{1C21F86E-AEFB-45AB-934F-A4E7238C7E4D}.Debug|Any CPU.Build.0 = Debug|Any CPU
		{1C21F86E-AEFB-45AB-934F-A4E7238C7E4D}.Debug|ARM.ActiveCfg = Debug|Any CPU
		{1C21F86E-AEFB-45AB-934F-A4E7238C7E4D}.Debug|ARM.Build.0 = Debug|Any CPU
		{1C21F86E-AEFB-45AB-934F-A4E7238C7E4D}.Debug|x64.ActiveCfg = Debug|Any CPU
		{1C21F86E-AEFB-45AB-934F-A4E7238C7E4D}.Debug|x64.Build.0 = Debug|Any CPU
		{1C21F86E-AEFB-45AB-934F-A4E7238C7E4D}.Debug|x86.ActiveCfg = Debug|Any CPU
		{1C21F86E-AEFB-45AB-934F-A4E7238C7E4D}.Debug|x86.Build.0 = Debug|Any CPU
		{1C21F86E-AEFB-45AB-934F-A4E7238C7E4D}.Release|Any CPU.ActiveCfg = Release|Any CPU
		{1C21F86E-AEFB-45AB-934F-A4E7238C7E4D}.Release|Any CPU.Build.0 = Release|Any CPU
		{1C21F86E-AEFB-45AB-934F-A4E7238C7E4D}.Release|ARM.ActiveCfg = Release|Any CPU
		{1C21F86E-AEFB-45AB-934F-A4E7238C7E4D}.Release|ARM.Build.0 = Release|Any CPU
		{1C21F86E-AEFB-45AB-934F-A4E7238C7E4D}.Release|x64.ActiveCfg = Release|Any CPU
		{1C21F86E-AEFB-45AB-934F-A4E7238C7E4D}.Release|x64.Build.0 = Release|Any CPU
		{1C21F86E-AEFB-45AB-934F-A4E7238C7E4D}.Release|x86.ActiveCfg = Release|Any CPU
		{1C21F86E-AEFB-45AB-934F-A4E7238C7E4D}.Release|x86.Build.0 = Release|Any CPU
		{E41EA6F5-F511-49DA-A4E1-FBDC37C8B204}.Debug|Any CPU.ActiveCfg = Debug|Any CPU
		{E41EA6F5-F511-49DA-A4E1-FBDC37C8B204}.Debug|Any CPU.Build.0 = Debug|Any CPU
		{E41EA6F5-F511-49DA-A4E1-FBDC37C8B204}.Debug|ARM.ActiveCfg = Debug|Any CPU
		{E41EA6F5-F511-49DA-A4E1-FBDC37C8B204}.Debug|ARM.Build.0 = Debug|Any CPU
		{E41EA6F5-F511-49DA-A4E1-FBDC37C8B204}.Debug|x64.ActiveCfg = Debug|Any CPU
		{E41EA6F5-F511-49DA-A4E1-FBDC37C8B204}.Debug|x64.Build.0 = Debug|Any CPU
		{E41EA6F5-F511-49DA-A4E1-FBDC37C8B204}.Debug|x86.ActiveCfg = Debug|Any CPU
		{E41EA6F5-F511-49DA-A4E1-FBDC37C8B204}.Debug|x86.Build.0 = Debug|Any CPU
		{E41EA6F5-F511-49DA-A4E1-FBDC37C8B204}.Release|Any CPU.ActiveCfg = Release|Any CPU
		{E41EA6F5-F511-49DA-A4E1-FBDC37C8B204}.Release|Any CPU.Build.0 = Release|Any CPU
		{E41EA6F5-F511-49DA-A4E1-FBDC37C8B204}.Release|ARM.ActiveCfg = Release|Any CPU
		{E41EA6F5-F511-49DA-A4E1-FBDC37C8B204}.Release|ARM.Build.0 = Release|Any CPU
		{E41EA6F5-F511-49DA-A4E1-FBDC37C8B204}.Release|x64.ActiveCfg = Release|Any CPU
		{E41EA6F5-F511-49DA-A4E1-FBDC37C8B204}.Release|x64.Build.0 = Release|Any CPU
		{E41EA6F5-F511-49DA-A4E1-FBDC37C8B204}.Release|x86.ActiveCfg = Release|Any CPU
		{E41EA6F5-F511-49DA-A4E1-FBDC37C8B204}.Release|x86.Build.0 = Release|Any CPU
		{BD1561B3-8CB7-49AC-A3B2-040DBBB187C4}.Debug|Any CPU.ActiveCfg = Debug|Any CPU
		{BD1561B3-8CB7-49AC-A3B2-040DBBB187C4}.Debug|Any CPU.Build.0 = Debug|Any CPU
		{BD1561B3-8CB7-49AC-A3B2-040DBBB187C4}.Debug|ARM.ActiveCfg = Debug|Any CPU
		{BD1561B3-8CB7-49AC-A3B2-040DBBB187C4}.Debug|ARM.Build.0 = Debug|Any CPU
		{BD1561B3-8CB7-49AC-A3B2-040DBBB187C4}.Debug|x64.ActiveCfg = Debug|Any CPU
		{BD1561B3-8CB7-49AC-A3B2-040DBBB187C4}.Debug|x64.Build.0 = Debug|Any CPU
		{BD1561B3-8CB7-49AC-A3B2-040DBBB187C4}.Debug|x86.ActiveCfg = Debug|Any CPU
		{BD1561B3-8CB7-49AC-A3B2-040DBBB187C4}.Debug|x86.Build.0 = Debug|Any CPU
		{BD1561B3-8CB7-49AC-A3B2-040DBBB187C4}.Release|Any CPU.ActiveCfg = Release|Any CPU
		{BD1561B3-8CB7-49AC-A3B2-040DBBB187C4}.Release|Any CPU.Build.0 = Release|Any CPU
		{BD1561B3-8CB7-49AC-A3B2-040DBBB187C4}.Release|ARM.ActiveCfg = Release|Any CPU
		{BD1561B3-8CB7-49AC-A3B2-040DBBB187C4}.Release|ARM.Build.0 = Release|Any CPU
		{BD1561B3-8CB7-49AC-A3B2-040DBBB187C4}.Release|x64.ActiveCfg = Release|Any CPU
		{BD1561B3-8CB7-49AC-A3B2-040DBBB187C4}.Release|x64.Build.0 = Release|Any CPU
		{BD1561B3-8CB7-49AC-A3B2-040DBBB187C4}.Release|x86.ActiveCfg = Release|Any CPU
		{BD1561B3-8CB7-49AC-A3B2-040DBBB187C4}.Release|x86.Build.0 = Release|Any CPU
		{C465BA66-ACE7-4B1B-883B-F243DB19DDA8}.Debug|Any CPU.ActiveCfg = Debug|Any CPU
		{C465BA66-ACE7-4B1B-883B-F243DB19DDA8}.Debug|Any CPU.Build.0 = Debug|Any CPU
		{C465BA66-ACE7-4B1B-883B-F243DB19DDA8}.Debug|ARM.ActiveCfg = Debug|Any CPU
		{C465BA66-ACE7-4B1B-883B-F243DB19DDA8}.Debug|ARM.Build.0 = Debug|Any CPU
		{C465BA66-ACE7-4B1B-883B-F243DB19DDA8}.Debug|x64.ActiveCfg = Debug|Any CPU
		{C465BA66-ACE7-4B1B-883B-F243DB19DDA8}.Debug|x64.Build.0 = Debug|Any CPU
		{C465BA66-ACE7-4B1B-883B-F243DB19DDA8}.Debug|x86.ActiveCfg = Debug|Any CPU
		{C465BA66-ACE7-4B1B-883B-F243DB19DDA8}.Debug|x86.Build.0 = Debug|Any CPU
		{C465BA66-ACE7-4B1B-883B-F243DB19DDA8}.Release|Any CPU.ActiveCfg = Release|Any CPU
		{C465BA66-ACE7-4B1B-883B-F243DB19DDA8}.Release|Any CPU.Build.0 = Release|Any CPU
		{C465BA66-ACE7-4B1B-883B-F243DB19DDA8}.Release|ARM.ActiveCfg = Release|Any CPU
		{C465BA66-ACE7-4B1B-883B-F243DB19DDA8}.Release|ARM.Build.0 = Release|Any CPU
		{C465BA66-ACE7-4B1B-883B-F243DB19DDA8}.Release|x64.ActiveCfg = Release|Any CPU
		{C465BA66-ACE7-4B1B-883B-F243DB19DDA8}.Release|x64.Build.0 = Release|Any CPU
		{C465BA66-ACE7-4B1B-883B-F243DB19DDA8}.Release|x86.ActiveCfg = Release|Any CPU
		{C465BA66-ACE7-4B1B-883B-F243DB19DDA8}.Release|x86.Build.0 = Release|Any CPU
		{F589358D-AB58-4B6D-A097-FA8C82299C1E}.Debug|Any CPU.ActiveCfg = Debug|Any CPU
		{F589358D-AB58-4B6D-A097-FA8C82299C1E}.Debug|Any CPU.Build.0 = Debug|Any CPU
		{F589358D-AB58-4B6D-A097-FA8C82299C1E}.Debug|ARM.ActiveCfg = Debug|Any CPU
		{F589358D-AB58-4B6D-A097-FA8C82299C1E}.Debug|ARM.Build.0 = Debug|Any CPU
		{F589358D-AB58-4B6D-A097-FA8C82299C1E}.Debug|x64.ActiveCfg = Debug|Any CPU
		{F589358D-AB58-4B6D-A097-FA8C82299C1E}.Debug|x64.Build.0 = Debug|Any CPU
		{F589358D-AB58-4B6D-A097-FA8C82299C1E}.Debug|x86.ActiveCfg = Debug|Any CPU
		{F589358D-AB58-4B6D-A097-FA8C82299C1E}.Debug|x86.Build.0 = Debug|Any CPU
		{F589358D-AB58-4B6D-A097-FA8C82299C1E}.Release|Any CPU.ActiveCfg = Release|Any CPU
		{F589358D-AB58-4B6D-A097-FA8C82299C1E}.Release|Any CPU.Build.0 = Release|Any CPU
		{F589358D-AB58-4B6D-A097-FA8C82299C1E}.Release|ARM.ActiveCfg = Release|Any CPU
		{F589358D-AB58-4B6D-A097-FA8C82299C1E}.Release|ARM.Build.0 = Release|Any CPU
		{F589358D-AB58-4B6D-A097-FA8C82299C1E}.Release|x64.ActiveCfg = Release|Any CPU
		{F589358D-AB58-4B6D-A097-FA8C82299C1E}.Release|x64.Build.0 = Release|Any CPU
		{F589358D-AB58-4B6D-A097-FA8C82299C1E}.Release|x86.ActiveCfg = Release|Any CPU
		{F589358D-AB58-4B6D-A097-FA8C82299C1E}.Release|x86.Build.0 = Release|Any CPU
	EndGlobalSection
	GlobalSection(SolutionProperties) = preSolution
		HideSolutionNode = FALSE
	EndGlobalSection
	GlobalSection(NestedProjects) = preSolution
		{1C21F86E-AEFB-45AB-934F-A4E7238C7E4D} = {63F84082-6D92-48C2-B008-4E5F7E850088}
		{E41EA6F5-F511-49DA-A4E1-FBDC37C8B204} = {63F84082-6D92-48C2-B008-4E5F7E850088}
		{BD1561B3-8CB7-49AC-A3B2-040DBBB187C4} = {DC885397-E601-42EE-9ADC-AA5C9A1C9454}
		{C465BA66-ACE7-4B1B-883B-F243DB19DDA8} = {DC885397-E601-42EE-9ADC-AA5C9A1C9454}
		{F589358D-AB58-4B6D-A097-FA8C82299C1E} = {DC885397-E601-42EE-9ADC-AA5C9A1C9454}
	EndGlobalSection
	GlobalSection(ExtensibilityGlobals) = postSolution
		SolutionGuid = {ADE8AC29-D79F-4AAF-959A-FCEA31893271}
	EndGlobalSection
EndGlobal
